Microsoft Visual Studio Solution File, Format Version 12.00
# Visual Studio 15
VisualStudioVersion = 15.0.27428.2002
MinimumVisualStudioVersion = 10.0.40219.1
Project("{8BC9CEB8-8B4A-11D0-8D11-00A0C91BC942}") = "vcan_Kinetis", "vcan_Kinetis.vcxproj", "{6FAE9335-01EE-4A55-7D17-C27F57D98ADF}"
EndProject
Global
	GlobalSection(SolutionConfigurationPlatforms) = preSolution
		Debug|Win32 = Debug|Win32
		Release|Win32 = Release|Win32
	EndGlobalSection
	GlobalSection(ProjectConfigurationPlatforms) = postSolution
		{6FAE9335-01EE-4A55-7D17-C27F57D98ADF}.Debug|Win32.ActiveCfg = KEA128_Debug|Win32
		{6FAE9335-01EE-4A55-7D17-C27F57D98ADF}.Debug|Win32.Build.0 = KEA128_Debug|Win32
		{6FAE9335-01EE-4A55-7D17-C27F57D98ADF}.Release|Win32.ActiveCfg = KEA128_Release|Win32
		{6FAE9335-01EE-4A55-7D17-C27F57D98ADF}.Release|Win32.Build.0 = KEA128_Release|Win32
	EndGlobalSection
	GlobalSection(SolutionProperties) = preSolution
		HideSolutionNode = FALSE
	EndGlobalSection
	GlobalSection(ExtensibilityGlobals) = postSolution
		SolutionGuid = {F0257F16-D95C-4D65-BA0A-749836270586}
	EndGlobalSection
EndGlobal
